<?xml version="1.0" encoding="utf-8"?>
<Project ToolsVersion="4.0" xmlns="http://schemas.microsoft.com/developer/msbuild/2003">
  <ItemGroup>
    <Filter Include="Source Files">
      <UniqueIdentifier>{4FC737F1-C7A5-4376-A066-2A32D752A2FF}</UniqueIdentifier>
      <Extensions>cpp;c;cc;cxx;def;odl;idl;hpj;bat;asm;asmx</Extensions>
    </Filter>
    <Filter Include="Header Files">
      <UniqueIdentifier>{93995380-89BD-4b04-88EB-625FBE52EBFB}</UniqueIdentifier>
      <Extensions>h;hh;hpp;hxx;hm;inl;inc;xsd</Extensions>
    </Filter>
    <Filter Include="Resource Files">
      <UniqueIdentifier>{67DA6AB6-F800-4c08-8B7A-83BB121AAD01}</UniqueIdentifier>
      <Extensions>rc;ico;cur;bmp;dlg;rc2;rct;bin;rgs;gif;jpg;jpeg;jpe;resx;tiff;tif;png;wav;mfcribbon-ms</Extensions>
    </Filter>
  </ItemGroup>
  <ItemGroup>
    <None Include="Incubation.ino" />
  </ItemGroup>
  <ItemGroup>
    <ClInclude Include="__vm\.Incubation.vsarduino.h">
      <Filter>Header Files</Filter>
    </ClInclude>
    <ClInclude Include="types.h">
      <Filter>Header Files</Filter>
    </ClInclude>
    <ClInclude Include="objects.h">
      <Filter>Header Files</Filter>
    </ClInclude>
    <ClInclude Include="LCDAdjustments.h">
      <Filter>Header Files</Filter>
    </ClInclude>
    <ClInclude Include="node.h">
      <Filter>Header Files</Filter>
    </ClInclude>
    <ClInclude Include="NodeManager.h">
      <Filter>Header Files</Filter>
    </ClInclude>
    <ClInclude Include="menuconfig.h">
      <Filter>Header Files</Filter>
    </ClInclude>
    <ClInclude Include="function.h">
      <Filter>Header Files</Filter>
    </ClInclude>
    <ClInclude Include="ChangeDisplayNode.h">
      <Filter>Header Files</Filter>
    </ClInclude>
    <ClInclude Include="DeltaLineNode.h">
      <Filter>Header Files</Filter>
    </ClInclude>
    <ClInclude Include="DataRow.h">
      <Filter>Header Files</Filter>
    </ClInclude>
    <ClInclude Include="NodeBuilder.h">
      <Filter>Header Files</Filter>
    </ClInclude>
    <ClInclude Include="RowDayCount.h">
      <Filter>Header Files</Filter>
    </ClInclude>
    <ClInclude Include="BaseNode.h">
      <Filter>Header Files</Filter>
    </ClInclude>
    <ClInclude Include="RowTHVal.h">
      <Filter>Header Files</Filter>
    </ClInclude>
    <ClInclude Include="RowRotateVent.h">
      <Filter>Header Files</Filter>
    </ClInclude>
    <ClInclude Include="MainNodeBuilder.h">
      <Filter>Header Files</Filter>
    </ClInclude>
    <ClInclude Include="RowCooling.h">
      <Filter>Header Files</Filter>
    </ClInclude>
    <ClInclude Include="NodeChoseStart.h">
      <Filter>Header Files</Filter>
    </ClInclude>
    <ClInclude Include="NodeTableBuilder.h">
      <Filter>Header Files</Filter>
    </ClInclude>
    <ClInclude Include="StatusMainInfo.h">
      <Filter>Header Files</Filter>
    </ClInclude>
    <ClInclude Include="TemperatureStatusInfo.h">
      <Filter>Header Files</Filter>
    </ClInclude>
    <ClInclude Include="TaskStatusInfo.h">
      <Filter>Header Files</Filter>
    </ClInclude>
    <ClInclude Include="Alerting.h">
      <Filter>Header Files</Filter>
    </ClInclude>
    <ClInclude Include="HeatingControl.h">
      <Filter>Header Files</Filter>
    </ClInclude>
    <ClInclude Include="VentilationControl.h">
      <Filter>Header Files</Filter>
    </ClInclude>
    <ClInclude Include="HumidityControl.h">
      <Filter>Header Files</Filter>
    </ClInclude>
    <ClInclude Include="ControlSession.h">
      <Filter>Header Files</Filter>
    </ClInclude>
    <ClInclude Include="StatusInfo.h">
      <Filter>Header Files</Filter>
    </ClInclude>
    <ClInclude Include="AlertInfoNode.h">
      <Filter>Header Files</Filter>
    </ClInclude>
    <ClInclude Include="consts.h">
      <Filter>Header Files</Filter>
    </ClInclude>
    <ClInclude Include="MinActionPercent.h">
      <Filter>Header Files</Filter>
    </ClInclude>
  </ItemGroup>
  <ItemGroup>
    <ClCompile Include="objects.cpp">
      <Filter>Source Files</Filter>
    </ClCompile>
    <ClCompile Include="LCDAdjustments.cpp">
      <Filter>Source Files</Filter>
    </ClCompile>
    <ClCompile Include="node.cpp">
      <Filter>Source Files</Filter>
    </ClCompile>
    <ClCompile Include="NodeManager.cpp">
      <Filter>Source Files</Filter>
    </ClCompile>
    <ClCompile Include="menuconfig.cpp">
      <Filter>Source Files</Filter>
    </ClCompile>
    <ClCompile Include="function.cpp">
      <Filter>Source Files</Filter>
    </ClCompile>
    <ClCompile Include="ChangeDisplayNode.cpp">
      <Filter>Source Files</Filter>
    </ClCompile>
    <ClCompile Include="DeltaLineNode.cpp">
      <Filter>Source Files</Filter>
    </ClCompile>
    <ClCompile Include="DataRow.cpp">
      <Filter>Source Files</Filter>
    </ClCompile>
    <ClCompile Include="NodeBuilder.cpp">
      <Filter>Source Files</Filter>
    </ClCompile>
    <ClCompile Include="RowDayCount.cpp">
      <Filter>Source Files</Filter>
    </ClCompile>
    <ClCompile Include="BaseNode.cpp">
      <Filter>Source Files</Filter>
    </ClCompile>
    <ClCompile Include="RowTHVal.cpp">
      <Filter>Source Files</Filter>
    </ClCompile>
    <ClCompile Include="RowRotateVent.cpp">
      <Filter>Source Files</Filter>
    </ClCompile>
    <ClCompile Include="MainNodeBuilder.cpp">
      <Filter>Source Files</Filter>
    </ClCompile>
    <ClCompile Include="RowCooling.cpp">
      <Filter>Source Files</Filter>
    </ClCompile>
    <ClCompile Include="NodeChoseStart.cpp">
      <Filter>Source Files</Filter>
    </ClCompile>
    <ClCompile Include="NodeTableBuilder.cpp">
      <Filter>Source Files</Filter>
    </ClCompile>
    <ClCompile Include="StatusMainInfo.cpp">
      <Filter>Source Files</Filter>
    </ClCompile>
    <ClCompile Include="TemperatureStatusInfo.cpp">
      <Filter>Source Files</Filter>
    </ClCompile>
    <ClCompile Include="TaskStatusInfo.cpp">
      <Filter>Source Files</Filter>
    </ClCompile>
    <ClCompile Include="Alerting.cpp">
      <Filter>Source Files</Filter>
    </ClCompile>
    <ClCompile Include="CurrentOperation.cpp">
      <Filter>Source Files</Filter>
    </ClCompile>
    <ClCompile Include="HeatingControl.cpp">
      <Filter>Source Files</Filter>
    </ClCompile>
    <ClCompile Include="VentilationControl.cpp">
      <Filter>Source Files</Filter>
    </ClCompile>
    <ClCompile Include="HumidityControl.cpp">
      <Filter>Source Files</Filter>
    </ClCompile>
    <ClCompile Include="ControlSession.cpp">
      <Filter>Source Files</Filter>
    </ClCompile>
    <ClCompile Include="StatusInfo.cpp">
      <Filter>Source Files</Filter>
    </ClCompile>
    <ClCompile Include="AlertInfoNode.cpp">
      <Filter>Source Files</Filter>
    </ClCompile>
    <ClCompile Include="MinActionPercent.cpp">
      <Filter>Source Files</Filter>
    </ClCompile>
  </ItemGroup>
</Project>